
Microsoft Visual Studio Solution File, Format Version 12.00
# Visual Studio 2012
Project("{8BC9CEB8-8B4A-11D0-8D11-00A0C91BC942}") = "Maurer", "Maurer\Maurer.vcxproj", "{963FBEFF-29AD-4FED-84D2-2A52CD1884E2}"
EndProject
Global
	GlobalSection(SolutionConfigurationPlatforms) = preSolution
		Debug|Win32 = Debug|Win32
		Release|Win32 = Release|Win32
	EndGlobalSection
	GlobalSection(ProjectConfigurationPlatforms) = postSolution
		{963FBEFF-29AD-4FED-84D2-2A52CD1884E2}.Debug|Win32.ActiveCfg = Debug|Win32
		{963FBEFF-29AD-4FED-84D2-2A52CD1884E2}.Debug|Win32.Build.0 = Debug|Win32
		{963FBEFF-29AD-4FED-84D2-2A52CD1884E2}.Release|Win32.ActiveCfg = Release|Win32
		{963FBEFF-29AD-4FED-84D2-2A52CD1884E2}.Release|Win32.Build.0 = Release|Win32
	EndGlobalSection
	GlobalSection(SolutionProperties) = preSolution
		HideSolutionNode = FALSE
	EndGlobalSection
EndGlobal
